Microsoft Visual Studio Solution File, Format Version 10.00
# Visual Studio 2008
Project("{8BC9CEB8-8B4A-11D0-8D11-00A0C91BC942}") = "ch", "src\ch\ch.vc90.vcproj", "{4B215B9A-58CA-4987-AC95-7DFC3043E100}"
	ProjectSection(ProjectDependencies) = postProject
		{CBBF380B-7B16-4A1E-8194-758DAD7D8011} = {CBBF380B-7B16-4A1E-8194-758DAD7D8011}
		{5510B933-046F-4F75-8B46-5E8279C8CCDE} = {5510B933-046F-4F75-8B46-5E8279C8CCDE}
		{DD1F3242-7EE4-4F41-8B8D-D833300C445F} = {DD1F3242-7EE4-4F41-8B8D-D833300C445F}
		{10FB6B7E-81A1-47F9-BC6F-7017E5695D3A} = {10FB6B7E-81A1-47F9-BC6F-7017E5695D3A}
		{7CE8B0C5-8CD4-4551-ACBF-EC4749E15E69} = {7CE8B0C5-8CD4-4551-ACBF-EC4749E15E69}
	EndProjectSection
EndProject
Project("{8BC9CEB8-8B4A-11D0-8D11-00A0C91BC942}") = "chext", "src\chext\chext.vc90.vcproj", "{7CE8B0C5-8CD4-4551-ACBF-EC4749E15E69}"
	ProjectSection(ProjectDependencies) = postProject
		{5510B933-046F-4F75-8B46-5E8279C8CCDE} = {5510B933-046F-4F75-8B46-5E8279C8CCDE}
	EndProjectSection
EndProject
Project("{8BC9CEB8-8B4A-11D0-8D11-00A0C91BC942}") = "libicpf", "src\libicpf\libicpf.vc90.vcproj", "{5510B933-046F-4F75-8B46-5E8279C8CCDE}"
EndProject
Project("{8BC9CEB8-8B4A-11D0-8D11-00A0C91BC942}") = "libictranslate", "src\libictranslate\libictranslate.vc90.vcproj", "{DD1F3242-7EE4-4F41-8B8D-D833300C445F}"
	ProjectSection(ProjectDependencies) = postProject
		{5510B933-046F-4F75-8B46-5E8279C8CCDE} = {5510B933-046F-4F75-8B46-5E8279C8CCDE}
	EndProjectSection
EndProject
Project("{8BC9CEB8-8B4A-11D0-8D11-00A0C91BC942}") = "rc2lng", "src\rc2lng\rc2lng.vc90.vcproj", "{10FB6B7E-81A1-47F9-BC6F-7017E5695D3A}"
	ProjectSection(ProjectDependencies) = postProject
		{5510B933-046F-4F75-8B46-5E8279C8CCDE} = {5510B933-046F-4F75-8B46-5E8279C8CCDE}
	EndProjectSection
EndProject
Project("{8BC9CEB8-8B4A-11D0-8D11-00A0C91BC942}") = "ictranslate", "src\ictranslate\ictranslate.vc90.vcproj", "{B0292250-B70C-4395-9859-F181FB113DA8}"
	ProjectSection(ProjectDependencies) = postProject
		{5510B933-046F-4F75-8B46-5E8279C8CCDE} = {5510B933-046F-4F75-8B46-5E8279C8CCDE}
		{DD1F3242-7EE4-4F41-8B8D-D833300C445F} = {DD1F3242-7EE4-4F41-8B8D-D833300C445F}
	EndProjectSection
EndProject
Project("{8BC9CEB8-8B4A-11D0-8D11-00A0C91BC942}") = "libchcore", "src\libchcore\libchcore.vc90.vcproj", "{CBBF380B-7B16-4A1E-8194-758DAD7D8011}"
	ProjectSection(ProjectDependencies) = postProject
		{5510B933-046F-4F75-8B46-5E8279C8CCDE} = {5510B933-046F-4F75-8B46-5E8279C8CCDE}
	EndProjectSection
EndProject
Global
	GlobalSection(SolutionConfigurationPlatforms) = preSolution
		Debug-Unicode|Win32 = Debug-Unicode|Win32
		Debug-Unicode|x64 = Debug-Unicode|x64
		Release-Unicode|Win32 = Release-Unicode|Win32
		Release-Unicode|x64 = Release-Unicode|x64
	EndGlobalSection
	GlobalSection(ProjectConfigurationPlatforms) = postSolution
		{4B215B9A-58CA-4987-AC95-7DFC3043E100}.Debug-Unicode|Win32.ActiveCfg = Debug-Unicode|Win32
		{4B215B9A-58CA-4987-AC95-7DFC3043E100}.Debug-Unicode|Win32.Build.0 = Debug-Unicode|Win32
		{4B215B9A-58CA-4987-AC95-7DFC3043E100}.Debug-Unicode|x64.ActiveCfg = Debug-Unicode|x64
		{4B215B9A-58CA-4987-AC95-7DFC3043E100}.Debug-Unicode|x64.Build.0 = Debug-Unicode|x64
		{4B215B9A-58CA-4987-AC95-7DFC3043E100}.Release-Unicode|Win32.ActiveCfg = Release-Unicode|Win32
		{4B215B9A-58CA-4987-AC95-7DFC3043E100}.Release-Unicode|Win32.Build.0 = Release-Unicode|Win32
		{4B215B9A-58CA-4987-AC95-7DFC3043E100}.Release-Unicode|x64.ActiveCfg = Release-Unicode|x64
		{4B215B9A-58CA-4987-AC95-7DFC3043E100}.Release-Unicode|x64.Build.0 = Release-Unicode|x64
		{7CE8B0C5-8CD4-4551-ACBF-EC4749E15E69}.Debug-Unicode|Win32.ActiveCfg = Debug-Unicode|Win32
		{7CE8B0C5-8CD4-4551-ACBF-EC4749E15E69}.Debug-Unicode|Win32.Build.0 = Debug-Unicode|Win32
		{7CE8B0C5-8CD4-4551-ACBF-EC4749E15E69}.Debug-Unicode|x64.ActiveCfg = Debug-Unicode|x64
		{7CE8B0C5-8CD4-4551-ACBF-EC4749E15E69}.Debug-Unicode|x64.Build.0 = Debug-Unicode|x64
		{7CE8B0C5-8CD4-4551-ACBF-EC4749E15E69}.Release-Unicode|Win32.ActiveCfg = Release-Unicode|Win32
		{7CE8B0C5-8CD4-4551-ACBF-EC4749E15E69}.Release-Unicode|Win32.Build.0 = Release-Unicode|Win32
		{7CE8B0C5-8CD4-4551-ACBF-EC4749E15E69}.Release-Unicode|x64.ActiveCfg = Release-Unicode|x64
		{7CE8B0C5-8CD4-4551-ACBF-EC4749E15E69}.Release-Unicode|x64.Build.0 = Release-Unicode|x64
		{5510B933-046F-4F75-8B46-5E8279C8CCDE}.Debug-Unicode|Win32.ActiveCfg = Debug-Unicode|Win32
		{5510B933-046F-4F75-8B46-5E8279C8CCDE}.Debug-Unicode|Win32.Build.0 = Debug-Unicode|Win32
		{5510B933-046F-4F75-8B46-5E8279C8CCDE}.Debug-Unicode|x64.ActiveCfg = Debug-Unicode|x64
		{5510B933-046F-4F75-8B46-5E8279C8CCDE}.Debug-Unicode|x64.Build.0 = Debug-Unicode|x64
		{5510B933-046F-4F75-8B46-5E8279C8CCDE}.Release-Unicode|Win32.ActiveCfg = Release-Unicode|Win32
		{5510B933-046F-4F75-8B46-5E8279C8CCDE}.Release-Unicode|Win32.Build.0 = Release-Unicode|Win32
		{5510B933-046F-4F75-8B46-5E8279C8CCDE}.Release-Unicode|x64.ActiveCfg = Release-Unicode|x64
		{5510B933-046F-4F75-8B46-5E8279C8CCDE}.Release-Unicode|x64.Build.0 = Release-Unicode|x64
		{DD1F3242-7EE4-4F41-8B8D-D833300C445F}.Debug-Unicode|Win32.ActiveCfg = Debug-Unicode|Win32
		{DD1F3242-7EE4-4F41-8B8D-D833300C445F}.Debug-Unicode|Win32.Build.0 = Debug-Unicode|Win32
		{DD1F3242-7EE4-4F41-8B8D-D833300C445F}.Debug-Unicode|x64.ActiveCfg = Debug-Unicode|x64
		{DD1F3242-7EE4-4F41-8B8D-D833300C445F}.Debug-Unicode|x64.Build.0 = Debug-Unicode|x64
		{DD1F3242-7EE4-4F41-8B8D-D833300C445F}.Release-Unicode|Win32.ActiveCfg = Release-Unicode|Win32
		{DD1F3242-7EE4-4F41-8B8D-D833300C445F}.Release-Unicode|Win32.Build.0 = Release-Unicode|Win32
		{DD1F3242-7EE4-4F41-8B8D-D833300C445F}.Release-Unicode|x64.ActiveCfg = Release-Unicode|x64
		{DD1F3242-7EE4-4F41-8B8D-D833300C445F}.Release-Unicode|x64.Build.0 = Release-Unicode|x64
		{10FB6B7E-81A1-47F9-BC6F-7017E5695D3A}.Debug-Unicode|Win32.ActiveCfg = Debug-Unicode|Win32
		{10FB6B7E-81A1-47F9-BC6F-7017E5695D3A}.Debug-Unicode|Win32.Build.0 = Debug-Unicode|Win32
		{10FB6B7E-81A1-47F9-BC6F-7017E5695D3A}.Debug-Unicode|x64.ActiveCfg = Debug-Unicode|x64
		{10FB6B7E-81A1-47F9-BC6F-7017E5695D3A}.Debug-Unicode|x64.Build.0 = Debug-Unicode|x64
		{10FB6B7E-81A1-47F9-BC6F-7017E5695D3A}.Release-Unicode|Win32.ActiveCfg = Release-Unicode|Win32
		{10FB6B7E-81A1-47F9-BC6F-7017E5695D3A}.Release-Unicode|Win32.Build.0 = Release-Unicode|Win32
		{10FB6B7E-81A1-47F9-BC6F-7017E5695D3A}.Release-Unicode|x64.ActiveCfg = Release-Unicode|x64
		{10FB6B7E-81A1-47F9-BC6F-7017E5695D3A}.Release-Unicode|x64.Build.0 = Release-Unicode|x64
		{B0292250-B70C-4395-9859-F181FB113DA8}.Debug-Unicode|Win32.ActiveCfg = Debug-Unicode|Win32
		{B0292250-B70C-4395-9859-F181FB113DA8}.Debug-Unicode|Win32.Build.0 = Debug-Unicode|Win32
		{B0292250-B70C-4395-9859-F181FB113DA8}.Debug-Unicode|x64.ActiveCfg = Debug-Unicode|x64
		{B0292250-B70C-4395-9859-F181FB113DA8}.Debug-Unicode|x64.Build.0 = Debug-Unicode|x64
		{B0292250-B70C-4395-9859-F181FB113DA8}.Release-Unicode|Win32.ActiveCfg = Release-Unicode|Win32
		{B0292250-B70C-4395-9859-F181FB113DA8}.Release-Unicode|Win32.Build.0 = Release-Unicode|Win32
		{B0292250-B70C-4395-9859-F181FB113DA8}.Release-Unicode|x64.ActiveCfg = Release-Unicode|x64
		{B0292250-B70C-4395-9859-F181FB113DA8}.Release-Unicode|x64.Build.0 = Release-Unicode|x64
		{CBBF380B-7B16-4A1E-8194-758DAD7D8011}.Debug-Unicode|Win32.ActiveCfg = Debug-Unicode|Win32
		{CBBF380B-7B16-4A1E-8194-758DAD7D8011}.Debug-Unicode|Win32.Build.0 = Debug-Unicode|Win32
		{CBBF380B-7B16-4A1E-8194-758DAD7D8011}.Debug-Unicode|x64.ActiveCfg = Debug-Unicode|x64
		{CBBF380B-7B16-4A1E-8194-758DAD7D8011}.Debug-Unicode|x64.Build.0 = Debug-Unicode|x64
		{CBBF380B-7B16-4A1E-8194-758DAD7D8011}.Release-Unicode|Win32.ActiveCfg = Release-Unicode|Win32
		{CBBF380B-7B16-4A1E-8194-758DAD7D8011}.Release-Unicode|Win32.Build.0 = Release-Unicode|Win32
		{CBBF380B-7B16-4A1E-8194-758DAD7D8011}.Release-Unicode|x64.ActiveCfg = Release-Unicode|x64
		{CBBF380B-7B16-4A1E-8194-758DAD7D8011}.Release-Unicode|x64.Build.0 = Release-Unicode|x64
	EndGlobalSection
	GlobalSection(SolutionProperties) = preSolution
		HideSolutionNode = FALSE
	EndGlobalSection
	GlobalSection(DPCodeReviewSolutionGUID) = preSolution
		DPCodeReviewSolutionGUID = {00000000-0000-0000-0000-000000000000}
	EndGlobalSection
EndGlobal
